
Microsoft Visual Studio Solution File, Format Version 12.00
# Visual Studio Version 16
VisualStudioVersion = 25.0.1706.0
MinimumVisualStudioVersion = 10.0.40219.1
Project("{FAE04EC0-301F-11D3-BF4B-00C04F79EFBC}") = "CosmosHTTPtrigger", "CosmosHTTPtrigger\CosmosHTTPtrigger.csproj", "{24344FB3-C0EB-48CE-BCCD-C06D5F54630F}"
EndProject
Global
	GlobalSection(SolutionConfigurationPlatforms) = preSolution
		Debug|Any CPU = Debug|Any CPU
		Release|Any CPU = Release|Any CPU
	EndGlobalSection
	GlobalSection(ProjectConfigurationPlatforms) = postSolution
		{24344FB3-C0EB-48CE-BCCD-C06D5F54630F}.Debug|Any CPU.ActiveCfg = Debug|Any CPU
		{24344FB3-C0EB-48CE-BCCD-C06D5F54630F}.Debug|Any CPU.Build.0 = Debug|Any CPU
		{24344FB3-C0EB-48CE-BCCD-C06D5F54630F}.Release|Any CPU.ActiveCfg = Release|Any CPU
		{24344FB3-C0EB-48CE-BCCD-C06D5F54630F}.Release|Any CPU.Build.0 = Release|Any CPU
	EndGlobalSection
	GlobalSection(SolutionProperties) = preSolution
		HideSolutionNode = FALSE
	EndGlobalSection
	GlobalSection(ExtensibilityGlobals) = postSolution
		SolutionGuid = {50F9215E-0A53-4996-AA01-78FF53A88A03}
	EndGlobalSection
EndGlobal
